
Microsoft Visual Studio Solution File, Format Version 12.00
# Visual Studio Version 16
VisualStudioVersion = 16.0.32802.440
MinimumVisualStudioVersion = 10.0.40219.1
Project("{FAE04EC0-301F-11D3-BF4B-00C04F79EFBC}") = "TH2", "TH2\TH2.csproj", "{778679B7-26A5-4F94-B20D-F0A2FDDE5D3B}"
EndProject
Global
	GlobalSection(SolutionConfigurationPlatforms) = preSolution
		Debug|Any CPU = Debug|Any CPU
		Release|Any CPU = Release|Any CPU
	EndGlobalSection
	GlobalSection(ProjectConfigurationPlatforms) = postSolution
		{778679B7-26A5-4F94-B20D-F0A2FDDE5D3B}.Debug|Any CPU.ActiveCfg = Debug|Any CPU
		{778679B7-26A5-4F94-B20D-F0A2FDDE5D3B}.Debug|Any CPU.Build.0 = Debug|Any CPU
		{778679B7-26A5-4F94-B20D-F0A2FDDE5D3B}.Release|Any CPU.ActiveCfg = Release|Any CPU
		{778679B7-26A5-4F94-B20D-F0A2FDDE5D3B}.Release|Any CPU.Build.0 = Release|Any CPU
	EndGlobalSection
	GlobalSection(SolutionProperties) = preSolution
		HideSolutionNode = FALSE
	EndGlobalSection
	GlobalSection(ExtensibilityGlobals) = postSolution
		SolutionGuid = {DA273F93-DB11-41C5-AC98-14E39466DC93}
	EndGlobalSection
EndGlobal
